
Microsoft Visual Studio Solution File, Format Version 12.00
# Visual Studio Version 16
VisualStudioVersion = 16.0.31005.135
MinimumVisualStudioVersion = 10.0.40219.1
Project("{FAE04EC0-301F-11D3-BF4B-00C04F79EFBC}") = "Portfolio", "Portfolio\Portfolio.csproj", "{F3DF1F90-E574-4757-B1EA-95C4A43DEB63}"
EndProject
Global
	GlobalSection(SolutionConfigurationPlatforms) = preSolution
		Debug|Any CPU = Debug|Any CPU
		Release|Any CPU = Release|Any CPU
	EndGlobalSection
	GlobalSection(ProjectConfigurationPlatforms) = postSolution
		{F3DF1F90-E574-4757-B1EA-95C4A43DEB63}.Debug|Any CPU.ActiveCfg = Debug|Any CPU
		{F3DF1F90-E574-4757-B1EA-95C4A43DEB63}.Debug|Any CPU.Build.0 = Debug|Any CPU
		{F3DF1F90-E574-4757-B1EA-95C4A43DEB63}.Release|Any CPU.ActiveCfg = Release|Any CPU
		{F3DF1F90-E574-4757-B1EA-95C4A43DEB63}.Release|Any CPU.Build.0 = Release|Any CPU
	EndGlobalSection
	GlobalSection(SolutionProperties) = preSolution
		HideSolutionNode = FALSE
	EndGlobalSection
	GlobalSection(ExtensibilityGlobals) = postSolution
		SolutionGuid = {10693393-F591-4225-BD1E-FA88609F2BCF}
	EndGlobalSection
EndGlobal
